
Microsoft Visual Studio Solution File, Format Version 9.00
# Visual Studio 2005
Project("{8BC9CEB8-8B4A-11D0-8D11-00A0C91BC942}") = "安装器", "xqc\安装器.vcproj", "{37652533-C956-4853-94A6-8E7613C7ECDB}"
EndProject
Global
	GlobalSection(SolutionConfigurationPlatforms) = preSolution
		Debug|Win32 = Debug|Win32
		Release|Win32 = Release|Win32
	EndGlobalSection
	GlobalSection(ProjectConfigurationPlatforms) = postSolution
		{37652533-C956-4853-94A6-8E7613C7ECDB}.Debug|Win32.ActiveCfg = Debug|Win32
		{37652533-C956-4853-94A6-8E7613C7ECDB}.Debug|Win32.Build.0 = Debug|Win32
		{37652533-C956-4853-94A6-8E7613C7ECDB}.Release|Win32.ActiveCfg = Release|Win32
		{37652533-C956-4853-94A6-8E7613C7ECDB}.Release|Win32.Build.0 = Release|Win32
	EndGlobalSection
	GlobalSection(SolutionProperties) = preSolution
		HideSolutionNode = FALSE
	EndGlobalSection
EndGlobal
